// !$*UTF8*$!
{
	archiveVersion = 1;
	classes = {
	};
	objectVersion = 77;
	objects = {

/* Begin PBXBuildFile section */
		63D6EC9D2DBC75E000784532 /* BlueJay in Frameworks */ = {isa = PBXBuildFile; productRef = 63D6EC9C2DBC75E000784532 /* BlueJay */; };
/* End PBXBuildFile section */

/* Begin PBXContainerItemProxy section */
		63D6EC6E2DBC750900784532 /* PBXContainerItemProxy */ = {
			isa = PBXContainerItemProxy;
			containerPortal = 63D6EC552DBC750800784532 /* Project object */;
			proxyType = 1;
			remoteGlobalIDString = 63D6EC5C2DBC750800784532;
			remoteInfo = "BlueJay Examples";
		};
		63D6EC782DBC750900784532 /* PBXContainerItemProxy */ = {
			isa = PBXContainerItemProxy;
			containerPortal = 63D6EC552DBC750800784532 /* Project object */;
			proxyType = 1;
			remoteGlobalIDString = 63D6EC5C2DBC750800784532;
			remoteInfo = "BlueJay Examples";
		};
/* End PBXContainerItemProxy section */

/* Begin PBXFileReference section */
		63D6EC5D2DBC750800784532 /* BlueJay Examples.app */ = {isa = PBXFileReference; explicitFileType = wrapper.application; includeInIndex = 0; path = "BlueJay Examples.app"; sourceTree = BUILT_PRODUCTS_DIR; };
		63D6EC6D2DBC750900784532 /* BlueJay ExamplesTests.xctest */ = {isa = PBXFileReference; explicitFileType = wrapper.cfbundle; includeInIndex = 0; path = "BlueJay ExamplesTests.xctest"; sourceTree = BUILT_PRODUCTS_DIR; };
		63D6EC772DBC750900784532 /* BlueJay ExamplesUITests.xctest */ = {isa = PBXFileReference; explicitFileType = wrapper.cfbundle; includeInIndex = 0; path = "BlueJay ExamplesUITests.xctest"; sourceTree = BUILT_PRODUCTS_DIR; };
/* End PBXFileReference section */

/* Begin PBXFileSystemSynchronizedRootGroup section */
		63D6EC5F2DBC750800784532 /* BlueJay Examples */ = {
			isa = PBXFileSystemSynchronizedRootGroup;
			path = "BlueJay Examples";
			sourceTree = "<group>";
		};
		63D6EC702DBC750900784532 /* BlueJay ExamplesTests */ = {
			isa = PBXFileSystemSynchronizedRootGroup;
			path = "BlueJay ExamplesTests";
			sourceTree = "<group>";
		};
		63D6EC7A2DBC750900784532 /* BlueJay ExamplesUITests */ = {
			isa = PBXFileSystemSynchronizedRootGroup;
			path = "BlueJay ExamplesUITests";
			sourceTree = "<group>";
		};
/* End PBXFileSystemSynchronizedRootGroup section */

/* Begin PBXFrameworksBuildPhase section */
		63D6EC5A2DBC750800784532 /* Frameworks */ = {
			isa = PBXFrameworksBuildPhase;
			buildActionMask = 2147483647;
			files = (
				63D6EC9D2DBC75E000784532 /* BlueJay in Frameworks */,
			);
			runOnlyForDeploymentPostprocessing = 0;
		};
		63D6EC6A2DBC750900784532 /* Frameworks */ = {
			isa = PBXFrameworksBuildPhase;
			buildActionMask = 2147483647;
			files = (
			);
			runOnlyForDeploymentPostprocessing = 0;
		};
		63D6EC742DBC750900784532 /* Frameworks */ = {
			isa = PBXFrameworksBuildPhase;
			buildActionMask = 2147483647;
			files = (
			);
			runOnlyForDeploymentPostprocessing = 0;
		};
/* End PBXFrameworksBuildPhase section */

/* Begin PBXGroup section */
		63D6EC542DBC750800784532 = {
			isa = PBXGroup;
			children = (
				63D6EC5F2DBC750800784532 /* BlueJay Examples */,
				63D6EC702DBC750900784532 /* BlueJay ExamplesTests */,
				63D6EC7A2DBC750900784532 /* BlueJay ExamplesUITests */,
				63D6EC5E2DBC750800784532 /* Products */,
			);
			sourceTree = "<group>";
		};
		63D6EC5E2DBC750800784532 /* Products */ = {
			isa = PBXGroup;
			children = (
				63D6EC5D2DBC750800784532 /* BlueJay Examples.app */,
				63D6EC6D2DBC750900784532 /* BlueJay ExamplesTests.xctest */,
				63D6EC772DBC750900784532 /* BlueJay ExamplesUITests.xctest */,
			);
			name = Products;
			sourceTree = "<group>";
		};
/* End PBXGroup section */

/* Begin PBXNativeTarget section */
		63D6EC5C2DBC750800784532 /* BlueJay Examples */ = {
			isa = PBXNativeTarget;
			buildConfigurationList = 63D6EC812DBC750900784532 /* Build configuration list for PBXNativeTarget "BlueJay Examples" */;
			buildPhases = (
				63D6EC592DBC750800784532 /* Sources */,
				63D6EC5A2DBC750800784532 /* Frameworks */,
				63D6EC5B2DBC750800784532 /* Resources */,
			);
			buildRules = (
			);
			dependencies = (
			);
			fileSystemSynchronizedGroups = (
				63D6EC5F2DBC750800784532 /* BlueJay Examples */,
			);
			name = "BlueJay Examples";
			packageProductDependencies = (
				63D6EC9C2DBC75E000784532 /* BlueJay */,
			);
			productName = "BlueJay Examples";
			productReference = 63D6EC5D2DBC750800784532 /* BlueJay Examples.app */;
			productType = "com.apple.product-type.application";
		};
		63D6EC6C2DBC750900784532 /* BlueJay ExamplesTests */ = {
			isa = PBXNativeTarget;
			buildConfigurationList = 63D6EC842DBC750900784532 /* Build configuration list for PBXNativeTarget "BlueJay ExamplesTests" */;
			buildPhases = (
				63D6EC692DBC750900784532 /* Sources */,
				63D6EC6A2DBC750900784532 /* Frameworks */,
				63D6EC6B2DBC750900784532 /* Resources */,
			);
			buildRules = (
			);
			dependencies = (
				63D6EC6F2DBC750900784532 /* PBXTargetDependency */,
			);
			fileSystemSynchronizedGroups = (
				63D6EC702DBC750900784532 /* BlueJay ExamplesTests */,
			);
			name = "BlueJay ExamplesTests";
			packageProductDependencies = (
			);
			productName = "BlueJay ExamplesTests";
			productReference = 63D6EC6D2DBC750900784532 /* BlueJay ExamplesTests.xctest */;
			productType = "com.apple.product-type.bundle.unit-test";
		};
		63D6EC762DBC750900784532 /* BlueJay ExamplesUITests */ = {
			isa = PBXNativeTarget;
			buildConfigurationList = 63D6EC872DBC750900784532 /* Build configuration list for PBXNativeTarget "BlueJay ExamplesUITests" */;
			buildPhases = (
				63D6EC732DBC750900784532 /* Sources */,
				63D6EC742DBC750900784532 /* Frameworks */,
				63D6EC752DBC750900784532 /* Resources */,
			);
			buildRules = (
			);
			dependencies = (
				63D6EC792DBC750900784532 /* PBXTargetDependency */,
			);
			fileSystemSynchronizedGroups = (
				63D6EC7A2DBC750900784532 /* BlueJay ExamplesUITests */,
			);
			name = "BlueJay ExamplesUITests";
			packageProductDependencies = (
			);
			productName = "BlueJay ExamplesUITests";
			productReference = 63D6EC772DBC750900784532 /* BlueJay ExamplesUITests.xctest */;
			productType = "com.apple.product-type.bundle.ui-testing";
		};
/* End PBXNativeTarget section */

/* Begin PBXProject section */
		63D6EC552DBC750800784532 /* Project object */ = {
			isa = PBXProject;
			attributes = {
				BuildIndependentTargetsInParallel = 1;
				LastSwiftUpdateCheck = 1630;
				LastUpgradeCheck = 1630;
				TargetAttributes = {
					63D6EC5C2DBC750800784532 = {
						CreatedOnToolsVersion = 16.3;
					};
					63D6EC6C2DBC750900784532 = {
						CreatedOnToolsVersion = 16.3;
						TestTargetID = 63D6EC5C2DBC750800784532;
					};
					63D6EC762DBC750900784532 = {
						CreatedOnToolsVersion = 16.3;
						TestTargetID = 63D6EC5C2DBC750800784532;
					};
				};
			};
			buildConfigurationList = 63D6EC582DBC750800784532 /* Build configuration list for PBXProject "BlueJay Examples" */;
			developmentRegion = en;
			hasScannedForEncodings = 0;
			knownRegions = (
				en,
				Base,
			);
			mainGroup = 63D6EC542DBC750800784532;
			minimizedProjectReferenceProxies = 1;
			packageReferences = (
				63D6EC9B2DBC75E000784532 /* XCLocalSwiftPackageReference "../../../BlueJay" */,
			);
			preferredProjectObjectVersion = 77;
			productRefGroup = 63D6EC5E2DBC750800784532 /* Products */;
			projectDirPath = "";
			projectRoot = "";
			targets = (
				63D6EC5C2DBC750800784532 /* BlueJay Examples */,
				63D6EC6C2DBC750900784532 /* BlueJay ExamplesTests */,
				63D6EC762DBC750900784532 /* BlueJay ExamplesUITests */,
			);
		};
/* End PBXProject section */

/* Begin PBXResourcesBuildPhase section */
		63D6EC5B2DBC750800784532 /* Resources */ = {
			isa = PBXResourcesBuildPhase;
			buildActionMask = 2147483647;
			files = (
			);
			runOnlyForDeploymentPostprocessing = 0;
		};
		63D6EC6B2DBC750900784532 /* Resources */ = {
			isa = PBXResourcesBuildPhase;
			buildActionMask = 2147483647;
			files = (
			);
			runOnlyForDeploymentPostprocessing = 0;
		};
		63D6EC752DBC750900784532 /* Resources */ = {
			isa = PBXResourcesBuildPhase;
			buildActionMask = 2147483647;
			files = (
			);
			runOnlyForDeploymentPostprocessing = 0;
		};
/* End PBXResourcesBuildPhase section */

/* Begin PBXSourcesBuildPhase section */
		63D6EC592DBC750800784532 /* Sources */ = {
			isa = PBXSourcesBuildPhase;
			buildActionMask = 2147483647;
			files = (
			);
			runOnlyForDeploymentPostprocessing = 0;
		};
		63D6EC692DBC750900784532 /* Sources */ = {
			isa = PBXSourcesBuildPhase;
			buildActionMask = 2147483647;
			files = (
			);
			runOnlyForDeploymentPostprocessing = 0;
		};
		63D6EC732DBC750900784532 /* Sources */ = {
			isa = PBXSourcesBuildPhase;
			buildActionMask = 2147483647;
			files = (
			);
			runOnlyForDeploymentPostprocessing = 0;
		};
/* End PBXSourcesBuildPhase section */

/* Begin PBXTargetDependency section */
		63D6EC6F2DBC750900784532 /* PBXTargetDependency */ = {
			isa = PBXTargetDependency;
			target = 63D6EC5C2DBC750800784532 /* BlueJay Examples */;
			targetProxy = 63D6EC6E2DBC750900784532 /* PBXContainerItemProxy */;
		};
		63D6EC792DBC750900784532 /* PBXTargetDependency */ = {
			isa = PBXTargetDependency;
			target = 63D6EC5C2DBC750800784532 /* BlueJay Examples */;
			targetProxy = 63D6EC782DBC750900784532 /* PBXContainerItemProxy */;
		};
/* End PBXTargetDependency section */

/* Begin XCBuildConfiguration section */
		63D6EC7F2DBC750900784532 /* Debug */ = {
			isa = XCBuildConfiguration;
			buildSettings = {
				ALWAYS_SEARCH_USER_PATHS = NO;
				ASSETCATALOG_COMPILER_GENERATE_SWIFT_ASSET_SYMBOL_EXTENSIONS = YES;
				CLANG_ANALYZER_NONNULL = YES;
				CLANG_ANALYZER_NUMBER_OBJECT_CONVERSION = YES_AGGRESSIVE;
				CLANG_CXX_LANGUAGE_STANDARD = "gnu++20";
				CLANG_ENABLE_MODULES = YES;
				CLANG_ENABLE_OBJC_ARC = YES;
				CLANG_ENABLE_OBJC_WEAK = YES;
				CLANG_WARN_BLOCK_CAPTURE_AUTORELEASING = YES;
				CLANG_WARN_BOOL_CONVERSION = YES;
				CLANG_WARN_COMMA = YES;
				CLANG_WARN_CONSTANT_CONVERSION = YES;
				CLANG_WARN_DEPRECATED_OBJC_IMPLEMENTATIONS = YES;
				CLANG_WARN_DIRECT_OBJC_ISA_USAGE = YES_ERROR;
				CLANG_WARN_DOCUMENTATION_COMMENTS = YES;
				CLANG_WARN_EMPTY_BODY = YES;
				CLANG_WARN_ENUM_CONVERSION = YES;
				CLANG_WARN_INFINITE_RECURSION = YES;
				CLANG_WARN_INT_CONVERSION = YES;
				CLANG_WARN_NON_LITERAL_NULL_CONVERSION = YES;
				CLANG_WARN_OBJC_IMPLICIT_RETAIN_SELF = YES;
				CLANG_WARN_OBJC_LITERAL_CONVERSION = YES;
				CLANG_WARN_OBJC_ROOT_CLASS = YES_ERROR;
				CLANG_WARN_QUOTED_INCLUDE_IN_FRAMEWORK_HEADER = YES;
				CLANG_WARN_RANGE_LOOP_ANALYSIS = YES;
				CLANG_WARN_STRICT_PROTOTYPES = YES;
				CLANG_WARN_SUSPICIOUS_MOVE = YES;
				CLANG_WARN_UNGUARDED_AVAILABILITY = YES_AGGRESSIVE;
				CLANG_WARN_UNREACHABLE_CODE = YES;
				CLANG_WARN__DUPLICATE_METHOD_MATCH = YES;
				COPY_PHASE_STRIP = NO;
				DEBUG_INFORMATION_FORMAT = dwarf;
				DEVELOPMENT_TEAM = J7826XAREP;
				ENABLE_STRICT_OBJC_MSGSEND = YES;
				ENABLE_TESTABILITY = YES;
				ENABLE_USER_SCRIPT_SANDBOXING = YES;
				GCC_C_LANGUAGE_STANDARD = gnu17;
				GCC_DYNAMIC_NO_PIC = NO;
				GCC_NO_COMMON_BLOCKS = YES;
				GCC_OPTIMIZATION_LEVEL = 0;
				GCC_PREPROCESSOR_DEFINITIONS = (
					"DEBUG=1",
					"$(inherited)",
				);
				GCC_WARN_64_TO_32_BIT_CONVERSION = YES;
				GCC_WARN_ABOUT_RETURN_TYPE = YES_ERROR;
				GCC_WARN_UNDECLARED_SELECTOR = YES;
				GCC_WARN_UNINITIALIZED_AUTOS = YES_AGGRESSIVE;
				GCC_WARN_UNUSED_FUNCTION = YES;
				GCC_WARN_UNUSED_VARIABLE = YES;
				LOCALIZATION_PREFERS_STRING_CATALOGS = YES;
				MTL_ENABLE_DEBUG_INFO = INCLUDE_SOURCE;
				MTL_FAST_MATH = YES;
				ONLY_ACTIVE_ARCH = YES;
				SWIFT_ACTIVE_COMPILATION_CONDITIONS = "DEBUG $(inherited)";
				SWIFT_OPTIMIZATION_LEVEL = "-Onone";
			};
			name = Debug;
		};
		63D6EC802DBC750900784532 /* Release */ = {
			isa = XCBuildConfiguration;
			buildSettings = {
				ALWAYS_SEARCH_USER_PATHS = NO;
				ASSETCATALOG_COMPILER_GENERATE_SWIFT_ASSET_SYMBOL_EXTENSIONS = YES;
				CLANG_ANALYZER_NONNULL = YES;
				CLANG_ANALYZER_NUMBER_OBJECT_CONVERSION = YES_AGGRESSIVE;
				CLANG_CXX_LANGUAGE_STANDARD = "gnu++20";
				CLANG_ENABLE_MODULES = YES;
				CLANG_ENABLE_OBJC_ARC = YES;
				CLANG_ENABLE_OBJC_WEAK = YES;
				CLANG_WARN_BLOCK_CAPTURE_AUTORELEASING = YES;
				CLANG_WARN_BOOL_CONVERSION = YES;
				CLANG_WARN_COMMA = YES;
				CLANG_WARN_CONSTANT_CONVERSION = YES;
				CLANG_WARN_DEPRECATED_OBJC_IMPLEMENTATIONS = YES;
				CLANG_WARN_DIRECT_OBJC_ISA_USAGE = YES_ERROR;
				CLANG_WARN_DOCUMENTATION_COMMENTS = YES;
				CLANG_WARN_EMPTY_BODY = YES;
				CLANG_WARN_ENUM_CONVERSION = YES;
				CLANG_WARN_INFINITE_RECURSION = YES;
				CLANG_WARN_INT_CONVERSION = YES;
				CLANG_WARN_NON_LITERAL_NULL_CONVERSION = YES;
				CLANG_WARN_OBJC_IMPLICIT_RETAIN_SELF = YES;
				CLANG_WARN_OBJC_LITERAL_CONVERSION = YES;
				CLANG_WARN_OBJC_ROOT_CLASS = YES_ERROR;
				CLANG_WARN_QUOTED_INCLUDE_IN_FRAMEWORK_HEADER = YES;
				CLANG_WARN_RANGE_LOOP_ANALYSIS = YES;
				CLANG_WARN_STRICT_PROTOTYPES = YES;
				CLANG_WARN_SUSPICIOUS_MOVE = YES;
				CLANG_WARN_UNGUARDED_AVAILABILITY = YES_AGGRESSIVE;
				CLANG_WARN_UNREACHABLE_CODE = YES;
				CLANG_WARN__DUPLICATE_METHOD_MATCH = YES;
				COPY_PHASE_STRIP = NO;
				DEBUG_INFORMATION_FORMAT = "dwarf-with-dsym";
				DEVELOPMENT_TEAM = J7826XAREP;
				ENABLE_NS_ASSERTIONS = NO;
				ENABLE_STRICT_OBJC_MSGSEND = YES;
				ENABLE_USER_SCRIPT_SANDBOXING = YES;
				GCC_C_LANGUAGE_STANDARD = gnu17;
				GCC_NO_COMMON_BLOCKS = YES;
				GCC_WARN_64_TO_32_BIT_CONVERSION = YES;
				GCC_WARN_ABOUT_RETURN_TYPE = YES_ERROR;
				GCC_WARN_UNDECLARED_SELECTOR = YES;
				GCC_WARN_UNINITIALIZED_AUTOS = YES_AGGRESSIVE;
				GCC_WARN_UNUSED_FUNCTION = YES;
				GCC_WARN_UNUSED_VARIABLE = YES;
				LOCALIZATION_PREFERS_STRING_CATALOGS = YES;
				MTL_ENABLE_DEBUG_INFO = NO;
				MTL_FAST_MATH = YES;
				SWIFT_COMPILATION_MODE = wholemodule;
			};
			name = Release;
		};
		63D6EC822DBC750900784532 /* Debug */ = {
			isa = XCBuildConfiguration;
			buildSettings = {
				ASSETCATALOG_COMPILER_APPICON_NAME = AppIcon;
				ASSETCATALOG_COMPILER_GLOBAL_ACCENT_COLOR_NAME = AccentColor;
				CODE_SIGN_ENTITLEMENTS = "BlueJay Examples/BlueJay_Examples.entitlements";
				CODE_SIGN_STYLE = Automatic;
				CURRENT_PROJECT_VERSION = 1;
				DEVELOPMENT_TEAM = J7826XAREP;
				ENABLE_HARDENED_RUNTIME = YES;
				ENABLE_PREVIEWS = YES;
				GENERATE_INFOPLIST_FILE = YES;
				"INFOPLIST_KEY_UIApplicationSceneManifest_Generation[sdk=iphoneos*]" = YES;
				"INFOPLIST_KEY_UIApplicationSceneManifest_Generation[sdk=iphonesimulator*]" = YES;
				"INFOPLIST_KEY_UIApplicationSupportsIndirectInputEvents[sdk=iphoneos*]" = YES;
				"INFOPLIST_KEY_UIApplicationSupportsIndirectInputEvents[sdk=iphonesimulator*]" = YES;
				"INFOPLIST_KEY_UILaunchScreen_Generation[sdk=iphoneos*]" = YES;
				"INFOPLIST_KEY_UILaunchScreen_Generation[sdk=iphonesimulator*]" = YES;
				"INFOPLIST_KEY_UIStatusBarStyle[sdk=iphoneos*]" = UIStatusBarStyleDefault;
				"INFOPLIST_KEY_UIStatusBarStyle[sdk=iphonesimulator*]" = UIStatusBarStyleDefault;
				INFOPLIST_KEY_UISupportedInterfaceOrientations_iPad = "UIInterfaceOrientationPortrait UIInterfaceOrientationPortraitUpsideDown UIInterfaceOrientationLandscapeLeft UIInterfaceOrientationLandscapeRight";
				INFOPLIST_KEY_UISupportedInterfaceOrientations_iPhone = "UIInterfaceOrientationPortrait UIInterfaceOrientationLandscapeLeft UIInterfaceOrientationLandscapeRight";
				IPHONEOS_DEPLOYMENT_TARGET = 18.4;
				LD_RUNPATH_SEARCH_PATHS = "@executable_path/Frameworks";
				"LD_RUNPATH_SEARCH_PATHS[sdk=macosx*]" = "@executable_path/../Frameworks";
				MACOSX_DEPLOYMENT_TARGET = 14.0;
				MARKETING_VERSION = 1.0;
				PRODUCT_BUNDLE_IDENTIFIER = "com.HyperElephant.BlueJay-Examples";
				PRODUCT_NAME = "$(TARGET_NAME)";
				REGISTER_APP_GROUPS = YES;
				SDKROOT = auto;
				SUPPORTED_PLATFORMS = "iphoneos iphonesimulator macosx xros xrsimulator";
				SWIFT_EMIT_LOC_STRINGS = YES;
				SWIFT_VERSION = 5.0;
				TARGETED_DEVICE_FAMILY = "1,2,7";
				XROS_DEPLOYMENT_TARGET = 2.4;
			};
			name = Debug;
		};
		63D6EC832DBC750900784532 /* Release */ = {
			isa = XCBuildConfiguration;
			buildSettings = {
				ASSETCATALOG_COMPILER_APPICON_NAME = AppIcon;
				ASSETCATALOG_COMPILER_GLOBAL_ACCENT_COLOR_NAME = AccentColor;
				CODE_SIGN_ENTITLEMENTS = "BlueJay Examples/BlueJay_Examples.entitlements";
				CODE_SIGN_STYLE = Automatic;
				CURRENT_PROJECT_VERSION = 1;
				DEVELOPMENT_TEAM = J7826XAREP;
				ENABLE_HARDENED_RUNTIME = YES;
				ENABLE_PREVIEWS = YES;
				GENERATE_INFOPLIST_FILE = YES;
				"INFOPLIST_KEY_UIApplicationSceneManifest_Generation[sdk=iphoneos*]" = YES;
				"INFOPLIST_KEY_UIApplicationSceneManifest_Generation[sdk=iphonesimulator*]" = YES;
				"INFOPLIST_KEY_UIApplicationSupportsIndirectInputEvents[sdk=iphoneos*]" = YES;
				"INFOPLIST_KEY_UIApplicationSupportsIndirectInputEvents[sdk=iphonesimulator*]" = YES;
				"INFOPLIST_KEY_UILaunchScreen_Generation[sdk=iphoneos*]" = YES;
				"INFOPLIST_KEY_UILaunchScreen_Generation[sdk=iphonesimulator*]" = YES;
				"INFOPLIST_KEY_UIStatusBarStyle[sdk=iphoneos*]" = UIStatusBarStyleDefault;
				"INFOPLIST_KEY_UIStatusBarStyle[sdk=iphonesimulator*]" = UIStatusBarStyleDefault;
				INFOPLIST_KEY_UISupportedInterfaceOrientations_iPad = "UIInterfaceOrientationPortrait UIInterfaceOrientationPortraitUpsideDown UIInterfaceOrientationLandscapeLeft UIInterfaceOrientationLandscapeRight";
				INFOPLIST_KEY_UISupportedInterfaceOrientations_iPhone = "UIInterfaceOrientationPortrait UIInterfaceOrientationLandscapeLeft UIInterfaceOrientationLandscapeRight";
				IPHONEOS_DEPLOYMENT_TARGET = 18.4;
				LD_RUNPATH_SEARCH_PATHS = "@executable_path/Frameworks";
				"LD_RUNPATH_SEARCH_PATHS[sdk=macosx*]" = "@executable_path/../Frameworks";
				MACOSX_DEPLOYMENT_TARGET = 14.0;
				MARKETING_VERSION = 1.0;
				PRODUCT_BUNDLE_IDENTIFIER = "com.HyperElephant.BlueJay-Examples";
				PRODUCT_NAME = "$(TARGET_NAME)";
				REGISTER_APP_GROUPS = YES;
				SDKROOT = auto;
				SUPPORTED_PLATFORMS = "iphoneos iphonesimulator macosx xros xrsimulator";
				SWIFT_EMIT_LOC_STRINGS = YES;
				SWIFT_VERSION = 5.0;
				TARGETED_DEVICE_FAMILY = "1,2,7";
				XROS_DEPLOYMENT_TARGET = 2.4;
			};
			name = Release;
		};
		63D6EC852DBC750900784532 /* Debug */ = {
			isa = XCBuildConfiguration;
			buildSettings = {
				BUNDLE_LOADER = "$(TEST_HOST)";
				CODE_SIGN_STYLE = Automatic;
				CURRENT_PROJECT_VERSION = 1;
				DEVELOPMENT_TEAM = J7826XAREP;
				GENERATE_INFOPLIST_FILE = YES;
				IPHONEOS_DEPLOYMENT_TARGET = 18.4;
				MACOSX_DEPLOYMENT_TARGET = 15.4;
				MARKETING_VERSION = 1.0;
				PRODUCT_BUNDLE_IDENTIFIER = "com.HyperElephant.BlueJay-ExamplesTests";
				PRODUCT_NAME = "$(TARGET_NAME)";
				SDKROOT = auto;
				SUPPORTED_PLATFORMS = "iphoneos iphonesimulator macosx xros xrsimulator";
				SWIFT_EMIT_LOC_STRINGS = NO;
				SWIFT_VERSION = 5.0;
				TARGETED_DEVICE_FAMILY = "1,2,7";
				TEST_HOST = "$(BUILT_PRODUCTS_DIR)/BlueJay Examples.app/$(BUNDLE_EXECUTABLE_FOLDER_PATH)/BlueJay Examples";
				XROS_DEPLOYMENT_TARGET = 2.4;
			};
			name = Debug;
		};
		63D6EC862DBC750900784532 /* Release */ = {
			isa = XCBuildConfiguration;
			buildSettings = {
				BUNDLE_LOADER = "$(TEST_HOST)";
				CODE_SIGN_STYLE = Automatic;
				CURRENT_PROJECT_VERSION = 1;
				DEVELOPMENT_TEAM = J7826XAREP;
				GENERATE_INFOPLIST_FILE = YES;
				IPHONEOS_DEPLOYMENT_TARGET = 18.4;
				MACOSX_DEPLOYMENT_TARGET = 15.4;
				MARKETING_VERSION = 1.0;
				PRODUCT_BUNDLE_IDENTIFIER = "com.HyperElephant.BlueJay-ExamplesTests";
				PRODUCT_NAME = "$(TARGET_NAME)";
				SDKROOT = auto;
				SUPPORTED_PLATFORMS = "iphoneos iphonesimulator macosx xros xrsimulator";
				SWIFT_EMIT_LOC_STRINGS = NO;
				SWIFT_VERSION = 5.0;
				TARGETED_DEVICE_FAMILY = "1,2,7";
				TEST_HOST = "$(BUILT_PRODUCTS_DIR)/BlueJay Examples.app/$(BUNDLE_EXECUTABLE_FOLDER_PATH)/BlueJay Examples";
				XROS_DEPLOYMENT_TARGET = 2.4;
			};
			name = Release;
		};
		63D6EC882DBC750900784532 /* Debug */ = {
			isa = XCBuildConfiguration;
			buildSettings = {
				CODE_SIGN_STYLE = Automatic;
				CURRENT_PROJECT_VERSION = 1;
				DEVELOPMENT_TEAM = J7826XAREP;
				GENERATE_INFOPLIST_FILE = YES;
				IPHONEOS_DEPLOYMENT_TARGET = 18.4;
				MACOSX_DEPLOYMENT_TARGET = 15.4;
				MARKETING_VERSION = 1.0;
				PRODUCT_BUNDLE_IDENTIFIER = "com.HyperElephant.BlueJay-ExamplesUITests";
				PRODUCT_NAME = "$(TARGET_NAME)";
				SDKROOT = auto;
				SUPPORTED_PLATFORMS = "iphoneos iphonesimulator macosx xros xrsimulator";
				SWIFT_EMIT_LOC_STRINGS = NO;
				SWIFT_VERSION = 5.0;
				TARGETED_DEVICE_FAMILY = "1,2,7";
				TEST_TARGET_NAME = "BlueJay Examples";
				XROS_DEPLOYMENT_TARGET = 2.4;
			};
			name = Debug;
		};
		63D6EC892DBC750900784532 /* Release */ = {
			isa = XCBuildConfiguration;
			buildSettings = {
				CODE_SIGN_STYLE = Automatic;
				CURRENT_PROJECT_VERSION = 1;
				DEVELOPMENT_TEAM = J7826XAREP;
				GENERATE_INFOPLIST_FILE = YES;
				IPHONEOS_DEPLOYMENT_TARGET = 18.4;
				MACOSX_DEPLOYMENT_TARGET = 15.4;
				MARKETING_VERSION = 1.0;
				PRODUCT_BUNDLE_IDENTIFIER = "com.HyperElephant.BlueJay-ExamplesUITests";
				PRODUCT_NAME = "$(TARGET_NAME)";
				SDKROOT = auto;
				SUPPORTED_PLATFORMS = "iphoneos iphonesimulator macosx xros xrsimulator";
				SWIFT_EMIT_LOC_STRINGS = NO;
				SWIFT_VERSION = 5.0;
				TARGETED_DEVICE_FAMILY = "1,2,7";
				TEST_TARGET_NAME = "BlueJay Examples";
				XROS_DEPLOYMENT_TARGET = 2.4;
			};
			name = Release;
		};
/* End XCBuildConfiguration section */

/* Begin XCConfigurationList section */
		63D6EC582DBC750800784532 /* Build configuration list for PBXProject "BlueJay Examples" */ = {
			isa = XCConfigurationList;
			buildConfigurations = (
				63D6EC7F2DBC750900784532 /* Debug */,
				63D6EC802DBC750900784532 /* Release */,
			);
			defaultConfigurationIsVisible = 0;
			defaultConfigurationName = Release;
		};
		63D6EC812DBC750900784532 /* Build configuration list for PBXNativeTarget "BlueJay Examples" */ = {
			isa = XCConfigurationList;
			buildConfigurations = (
				63D6EC822DBC750900784532 /* Debug */,
				63D6EC832DBC750900784532 /* Release */,
			);
			defaultConfigurationIsVisible = 0;
			defaultConfigurationName = Release;
		};
		63D6EC842DBC750900784532 /* Build configuration list for PBXNativeTarget "BlueJay ExamplesTests" */ = {
			isa = XCConfigurationList;
			buildConfigurations = (
				63D6EC852DBC750900784532 /* Debug */,
				63D6EC862DBC750900784532 /* Release */,
			);
			defaultConfigurationIsVisible = 0;
			defaultConfigurationName = Release;
		};
		63D6EC872DBC750900784532 /* Build configuration list for PBXNativeTarget "BlueJay ExamplesUITests" */ = {
			isa = XCConfigurationList;
			buildConfigurations = (
				63D6EC882DBC750900784532 /* Debug */,
				63D6EC892DBC750900784532 /* Release */,
			);
			defaultConfigurationIsVisible = 0;
			defaultConfigurationName = Release;
		};
/* End XCConfigurationList section */

/* Begin XCLocalSwiftPackageReference section */
		63D6EC9B2DBC75E000784532 /* XCLocalSwiftPackageReference "../../../BlueJay" */ = {
			isa = XCLocalSwiftPackageReference;
			relativePath = ../../../BlueJay;
		};
/* End XCLocalSwiftPackageReference section */

/* Begin XCSwiftPackageProductDependency section */
		63D6EC9C2DBC75E000784532 /* BlueJay */ = {
			isa = XCSwiftPackageProductDependency;
			productName = BlueJay;
		};
/* End XCSwiftPackageProductDependency section */
	};
	rootObject = 63D6EC552DBC750800784532 /* Project object */;
}
